
Microsoft Visual Studio Solution File, Format Version 12.00
# Visual Studio Version 16
VisualStudioVersion = 16.0.30523.141
MinimumVisualStudioVersion = 10.0.40219.1
Project("{FAE04EC0-301F-11D3-BF4B-00C04F79EFBC}") = "Socket", "Socket\Socket.csproj", "{4C002798-A04A-443C-841A-6C196ECD1F61}"
EndProject
Global
	GlobalSection(SolutionConfigurationPlatforms) = preSolution
		Debug|Any CPU = Debug|Any CPU
		Release|Any CPU = Release|Any CPU
	EndGlobalSection
	GlobalSection(ProjectConfigurationPlatforms) = postSolution
		{4C002798-A04A-443C-841A-6C196ECD1F61}.Debug|Any CPU.ActiveCfg = Debug|Any CPU
		{4C002798-A04A-443C-841A-6C196ECD1F61}.Debug|Any CPU.Build.0 = Debug|Any CPU
		{4C002798-A04A-443C-841A-6C196ECD1F61}.Release|Any CPU.ActiveCfg = Release|Any CPU
		{4C002798-A04A-443C-841A-6C196ECD1F61}.Release|Any CPU.Build.0 = Release|Any CPU
	EndGlobalSection
	GlobalSection(SolutionProperties) = preSolution
		HideSolutionNode = FALSE
	EndGlobalSection
	GlobalSection(ExtensibilityGlobals) = postSolution
		SolutionGuid = {8F2D9D59-FD31-4B63-BCB2-51D13BBA6038}
	EndGlobalSection
EndGlobal
